
Microsoft Visual Studio Solution File, Format Version 12.00
# Visual Studio Version 16
VisualStudioVersion = 16.0.28922.388
MinimumVisualStudioVersion = 10.0.40219.1
Project("{FAE04EC0-301F-11D3-BF4B-00C04F79EFBC}") = "MyChallenge", "MyChallenge.csproj", "{0BB541B4-EBF3-41B6-9272-651BBCC8D7AE}"
EndProject
Global
	GlobalSection(SolutionConfigurationPlatforms) = preSolution
		Debug|Any CPU = Debug|Any CPU
		Release|Any CPU = Release|Any CPU
	EndGlobalSection
	GlobalSection(ProjectConfigurationPlatforms) = postSolution
		{0BB541B4-EBF3-41B6-9272-651BBCC8D7AE}.Debug|Any CPU.ActiveCfg = Debug|Any CPU
		{0BB541B4-EBF3-41B6-9272-651BBCC8D7AE}.Debug|Any CPU.Build.0 = Debug|Any CPU
		{0BB541B4-EBF3-41B6-9272-651BBCC8D7AE}.Release|Any CPU.ActiveCfg = Release|Any CPU
		{0BB541B4-EBF3-41B6-9272-651BBCC8D7AE}.Release|Any CPU.Build.0 = Release|Any CPU
	EndGlobalSection
	GlobalSection(SolutionProperties) = preSolution
		HideSolutionNode = FALSE
	EndGlobalSection
	GlobalSection(ExtensibilityGlobals) = postSolution
		SolutionGuid = {B1F0C6EA-D23B-49B7-BB63-1385B3A6D5BC}
	EndGlobalSection
EndGlobal
